
Microsoft Visual Studio Solution File, Format Version 12.00
# Visual Studio 15
VisualStudioVersion = 15.0.26430.14
MinimumVisualStudioVersion = 10.0.40219.1
Project("{FAE04EC0-301F-11D3-BF4B-00C04F79EFBC}") = "IoC_DI_NET-02.ConsoleApp", "IoC_DI_NET-02.ConsoleApp\IoC_DI_NET-02.ConsoleApp.csproj", "{C4B9E4DD-61D4-4B4C-AA82-0C5AD451BA26}"
EndProject
Project("{FAE04EC0-301F-11D3-BF4B-00C04F79EFBC}") = "IoC_DI_NET-02.Domain", "IoC_DI_NET-02.Domain\IoC_DI_NET-02.Domain.csproj", "{091F9143-1FB6-4CDE-89BB-23EF0B44AFE6}"
EndProject
Global
	GlobalSection(SolutionConfigurationPlatforms) = preSolution
		Debug|Any CPU = Debug|Any CPU
		Release|Any CPU = Release|Any CPU
	EndGlobalSection
	GlobalSection(ProjectConfigurationPlatforms) = postSolution
		{C4B9E4DD-61D4-4B4C-AA82-0C5AD451BA26}.Debug|Any CPU.ActiveCfg = Debug|Any CPU
		{C4B9E4DD-61D4-4B4C-AA82-0C5AD451BA26}.Debug|Any CPU.Build.0 = Debug|Any CPU
		{C4B9E4DD-61D4-4B4C-AA82-0C5AD451BA26}.Release|Any CPU.ActiveCfg = Release|Any CPU
		{C4B9E4DD-61D4-4B4C-AA82-0C5AD451BA26}.Release|Any CPU.Build.0 = Release|Any CPU
		{091F9143-1FB6-4CDE-89BB-23EF0B44AFE6}.Debug|Any CPU.ActiveCfg = Debug|Any CPU
		{091F9143-1FB6-4CDE-89BB-23EF0B44AFE6}.Debug|Any CPU.Build.0 = Debug|Any CPU
		{091F9143-1FB6-4CDE-89BB-23EF0B44AFE6}.Release|Any CPU.ActiveCfg = Release|Any CPU
		{091F9143-1FB6-4CDE-89BB-23EF0B44AFE6}.Release|Any CPU.Build.0 = Release|Any CPU
	EndGlobalSection
	GlobalSection(SolutionProperties) = preSolution
		HideSolutionNode = FALSE
	EndGlobalSection
EndGlobal
